# This file is autogenerated, do not edit; changes may be undone by the next 'dep ensure'.


[[projects]]
  branch = "master"
  digest = "1:6d0a3b8d89d7fe3a7b8f157ebee0dfe17fc4e8114f595043e753da950cbb5960"
  name = "github.com/gookit/color"
  packages = ["."]
  pruneopts = "UT"
  revision = "ecea05b3eccbc26b9c388d10f97e4d413deb3c29"

[solve-meta]
  analyzer-name = "dep"
  analyzer-version = 1
  input-imports = ["github.com/gookit/color"]
  solver-name = "gps-cdcl"
  solver-version = 1
